// !$*UTF8*$!
{
	archiveVersion = 1;
	classes = {
	};
	objectVersion = 46;
	objects = {

/* Begin PBXBuildFile section */
		7FF9EDA61AB3D94500F71F25 /* main.m in Sources */ = {isa = PBXBuildFile; fileRef = 7FF9EDA51AB3D94500F71F25 /* main.m */; };
		7FF9EDA91AB3D94500F71F25 /* AppDelegate.m in Sources */ = {isa = PBXBuildFile; fileRef = 7FF9EDA81AB3D94500F71F25 /* AppDelegate.m */; };
		7FF9EDB11AB3D94500F71F25 /* Images.xcassets in Resources */ = {isa = PBXBuildFile; fileRef = 7FF9EDB01AB3D94500F71F25 /* Images.xcassets */; };
		7FF9EDB41AB3D94500F71F25 /* LaunchScreen.xib in Resources */ = {isa = PBXBuildFile; fileRef = 7FF9EDB21AB3D94500F71F25 /* LaunchScreen.xib */; };
		7FF9EDC01AB3D94500F71F25 /* SideSlipSubViewImplementTests.m in Sources */ = {isa = PBXBuildFile; fileRef = 7FF9EDBF1AB3D94500F71F25 /* SideSlipSubViewImplementTests.m */; };
		7FF9EDCC1AB3E17800F71F25 /* LeftViewController.m in Sources */ = {isa = PBXBuildFile; fileRef = 7FF9EDCA1AB3E17800F71F25 /* LeftViewController.m */; };
		7FF9EDCD1AB3E17800F71F25 /* LeftViewController.xib in Resources */ = {isa = PBXBuildFile; fileRef = 7FF9EDCB1AB3E17800F71F25 /* LeftViewController.xib */; };
		7FF9EE1C1AB6D84600F71F25 /* ContainerViewController.m in Sources */ = {isa = PBXBuildFile; fileRef = 7FF9EE1A1AB6D84600F71F25 /* ContainerViewController.m */; };
		7FF9EE1D1AB6D84600F71F25 /* ContainerViewController.xib in Resources */ = {isa = PBXBuildFile; fileRef = 7FF9EE1B1AB6D84600F71F25 /* ContainerViewController.xib */; };
		7FF9EE211AB6D87300F71F25 /* HomeViewController.m in Sources */ = {isa = PBXBuildFile; fileRef = 7FF9EE1F1AB6D87300F71F25 /* HomeViewController.m */; };
		7FF9EE221AB6D87300F71F25 /* HomeViewController.xib in Resources */ = {isa = PBXBuildFile; fileRef = 7FF9EE201AB6D87300F71F25 /* HomeViewController.xib */; };
/* End PBXBuildFile section */

/* Begin PBXContainerItemProxy section */
		7FF9EDBA1AB3D94500F71F25 /* PBXContainerItemProxy */ = {
			isa = PBXContainerItemProxy;
			containerPortal = 7FF9ED981AB3D94500F71F25 /* Project object */;
			proxyType = 1;
			remoteGlobalIDString = 7FF9ED9F1AB3D94500F71F25;
			remoteInfo = SideSlipSubViewImplement;
		};
/* End PBXContainerItemProxy section */

/* Begin PBXFileReference section */
		7FF9EDA01AB3D94500F71F25 /* SideSlipSubViewImplement.app */ = {isa = PBXFileReference; explicitFileType = wrapper.application; includeInIndex = 0; path = SideSlipSubViewImplement.app; sourceTree = BUILT_PRODUCTS_DIR; };
		7FF9EDA41AB3D94500F71F25 /* Info.plist */ = {isa = PBXFileReference; lastKnownFileType = text.plist.xml; path = Info.plist; sourceTree = "<group>"; };
		7FF9EDA51AB3D94500F71F25 /* main.m */ = {isa = PBXFileReference; lastKnownFileType = sourcecode.c.objc; path = main.m; sourceTree = "<group>"; };
		7FF9EDA71AB3D94500F71F25 /* AppDelegate.h */ = {isa = PBXFileReference; lastKnownFileType = sourcecode.c.h; path = AppDelegate.h; sourceTree = "<group>"; };
		7FF9EDA81AB3D94500F71F25 /* AppDelegate.m */ = {isa = PBXFileReference; lastKnownFileType = sourcecode.c.objc; path = AppDelegate.m; sourceTree = "<group>"; };
		7FF9EDB01AB3D94500F71F25 /* Images.xcassets */ = {isa = PBXFileReference; lastKnownFileType = folder.assetcatalog; path = Images.xcassets; sourceTree = "<group>"; };
		7FF9EDB31AB3D94500F71F25 /* Base */ = {isa = PBXFileReference; lastKnownFileType = file.xib; name = Base; path = Base.lproj/LaunchScreen.xib; sourceTree = "<group>"; };
		7FF9EDB91AB3D94500F71F25 /* SideSlipSubViewImplementTests.xctest */ = {isa = PBXFileReference; explicitFileType = wrapper.cfbundle; includeInIndex = 0; path = SideSlipSubViewImplementTests.xctest; sourceTree = BUILT_PRODUCTS_DIR; };
		7FF9EDBE1AB3D94500F71F25 /* Info.plist */ = {isa = PBXFileReference; lastKnownFileType = text.plist.xml; path = Info.plist; sourceTree = "<group>"; };
		7FF9EDBF1AB3D94500F71F25 /* SideSlipSubViewImplementTests.m */ = {isa = PBXFileReference; lastKnownFileType = sourcecode.c.objc; path = SideSlipSubViewImplementTests.m; sourceTree = "<group>"; };
		7FF9EDC91AB3E17800F71F25 /* LeftViewController.h */ = {isa = PBXFileReference; fileEncoding = 4; lastKnownFileType = sourcecode.c.h; path = LeftViewController.h; sourceTree = "<group>"; };
		7FF9EDCA1AB3E17800F71F25 /* LeftViewController.m */ = {isa = PBXFileReference; fileEncoding = 4; lastKnownFileType = sourcecode.c.objc; path = LeftViewController.m; sourceTree = "<group>"; };
		7FF9EDCB1AB3E17800F71F25 /* LeftViewController.xib */ = {isa = PBXFileReference; fileEncoding = 4; lastKnownFileType = file.xib; path = LeftViewController.xib; sourceTree = "<group>"; };
		7FF9EE191AB6D84600F71F25 /* ContainerViewController.h */ = {isa = PBXFileReference; fileEncoding = 4; lastKnownFileType = sourcecode.c.h; path = ContainerViewController.h; sourceTree = "<group>"; };
		7FF9EE1A1AB6D84600F71F25 /* ContainerViewController.m */ = {isa = PBXFileReference; fileEncoding = 4; lastKnownFileType = sourcecode.c.objc; path = ContainerViewController.m; sourceTree = "<group>"; };
		7FF9EE1B1AB6D84600F71F25 /* ContainerViewController.xib */ = {isa = PBXFileReference; fileEncoding = 4; lastKnownFileType = file.xib; path = ContainerViewController.xib; sourceTree = "<group>"; };
		7FF9EE1E1AB6D87300F71F25 /* HomeViewController.h */ = {isa = PBXFileReference; fileEncoding = 4; lastKnownFileType = sourcecode.c.h; path = HomeViewController.h; sourceTree = "<group>"; };
		7FF9EE1F1AB6D87300F71F25 /* HomeViewController.m */ = {isa = PBXFileReference; fileEncoding = 4; lastKnownFileType = sourcecode.c.objc; path = HomeViewController.m; sourceTree = "<group>"; };
		7FF9EE201AB6D87300F71F25 /* HomeViewController.xib */ = {isa = PBXFileReference; fileEncoding = 4; lastKnownFileType = file.xib; path = HomeViewController.xib; sourceTree = "<group>"; };
/* End PBXFileReference section */

/* Begin PBXFrameworksBuildPhase section */
		7FF9ED9D1AB3D94500F71F25 /* Frameworks */ = {
			isa = PBXFrameworksBuildPhase;
			buildActionMask = 2147483647;
			files = (
			);
			runOnlyForDeploymentPostprocessing = 0;
		};
		7FF9EDB61AB3D94500F71F25 /* Frameworks */ = {
			isa = PBXFrameworksBuildPhase;
			buildActionMask = 2147483647;
			files = (
			);
			runOnlyForDeploymentPostprocessing = 0;
		};
/* End PBXFrameworksBuildPhase section */

/* Begin PBXGroup section */
		7FF9ED971AB3D94500F71F25 = {
			isa = PBXGroup;
			children = (
				7FF9EDA21AB3D94500F71F25 /* SideSlipSubViewImplement */,
				7FF9EDBC1AB3D94500F71F25 /* SideSlipSubViewImplementTests */,
				7FF9EDA11AB3D94500F71F25 /* Products */,
			);
			sourceTree = "<group>";
		};
		7FF9EDA11AB3D94500F71F25 /* Products */ = {
			isa = PBXGroup;
			children = (
				7FF9EDA01AB3D94500F71F25 /* SideSlipSubViewImplement.app */,
				7FF9EDB91AB3D94500F71F25 /* SideSlipSubViewImplementTests.xctest */,
			);
			name = Products;
			sourceTree = "<group>";
		};
		7FF9EDA21AB3D94500F71F25 /* SideSlipSubViewImplement */ = {
			isa = PBXGroup;
			children = (
				7FF9EDA71AB3D94500F71F25 /* AppDelegate.h */,
				7FF9EDA81AB3D94500F71F25 /* AppDelegate.m */,
				7FF9EDB01AB3D94500F71F25 /* Images.xcassets */,
				7FF9EDB21AB3D94500F71F25 /* LaunchScreen.xib */,
				7FF9EDA31AB3D94500F71F25 /* Supporting Files */,
				7FF9EDC91AB3E17800F71F25 /* LeftViewController.h */,
				7FF9EDCA1AB3E17800F71F25 /* LeftViewController.m */,
				7FF9EDCB1AB3E17800F71F25 /* LeftViewController.xib */,
				7FF9EE191AB6D84600F71F25 /* ContainerViewController.h */,
				7FF9EE1A1AB6D84600F71F25 /* ContainerViewController.m */,
				7FF9EE1B1AB6D84600F71F25 /* ContainerViewController.xib */,
				7FF9EE1E1AB6D87300F71F25 /* HomeViewController.h */,
				7FF9EE1F1AB6D87300F71F25 /* HomeViewController.m */,
				7FF9EE201AB6D87300F71F25 /* HomeViewController.xib */,
			);
			path = SideSlipSubViewImplement;
			sourceTree = "<group>";
		};
		7FF9EDA31AB3D94500F71F25 /* Supporting Files */ = {
			isa = PBXGroup;
			children = (
				7FF9EDA41AB3D94500F71F25 /* Info.plist */,
				7FF9EDA51AB3D94500F71F25 /* main.m */,
			);
			name = "Supporting Files";
			sourceTree = "<group>";
		};
		7FF9EDBC1AB3D94500F71F25 /* SideSlipSubViewImplementTests */ = {
			isa = PBXGroup;
			children = (
				7FF9EDBF1AB3D94500F71F25 /* SideSlipSubViewImplementTests.m */,
				7FF9EDBD1AB3D94500F71F25 /* Supporting Files */,
			);
			path = SideSlipSubViewImplementTests;
			sourceTree = "<group>";
		};
		7FF9EDBD1AB3D94500F71F25 /* Supporting Files */ = {
			isa = PBXGroup;
			children = (
				7FF9EDBE1AB3D94500F71F25 /* Info.plist */,
			);
			name = "Supporting Files";
			sourceTree = "<group>";
		};
/* End PBXGroup section */

/* Begin PBXNativeTarget section */
		7FF9ED9F1AB3D94500F71F25 /* SideSlipSubViewImplement */ = {
			isa = PBXNativeTarget;
			buildConfigurationList = 7FF9EDC31AB3D94500F71F25 /* Build configuration list for PBXNativeTarget "SideSlipSubViewImplement" */;
			buildPhases = (
				7FF9ED9C1AB3D94500F71F25 /* Sources */,
				7FF9ED9D1AB3D94500F71F25 /* Frameworks */,
				7FF9ED9E1AB3D94500F71F25 /* Resources */,
			);
			buildRules = (
			);
			dependencies = (
			);
			name = SideSlipSubViewImplement;
			productName = SideSlipSubViewImplement;
			productReference = 7FF9EDA01AB3D94500F71F25 /* SideSlipSubViewImplement.app */;
			productType = "com.apple.product-type.application";
		};
		7FF9EDB81AB3D94500F71F25 /* SideSlipSubViewImplementTests */ = {
			isa = PBXNativeTarget;
			buildConfigurationList = 7FF9EDC61AB3D94500F71F25 /* Build configuration list for PBXNativeTarget "SideSlipSubViewImplementTests" */;
			buildPhases = (
				7FF9EDB51AB3D94500F71F25 /* Sources */,
				7FF9EDB61AB3D94500F71F25 /* Frameworks */,
				7FF9EDB71AB3D94500F71F25 /* Resources */,
			);
			buildRules = (
			);
			dependencies = (
				7FF9EDBB1AB3D94500F71F25 /* PBXTargetDependency */,
			);
			name = SideSlipSubViewImplementTests;
			productName = SideSlipSubViewImplementTests;
			productReference = 7FF9EDB91AB3D94500F71F25 /* SideSlipSubViewImplementTests.xctest */;
			productType = "com.apple.product-type.bundle.unit-test";
		};
/* End PBXNativeTarget section */

/* Begin PBXProject section */
		7FF9ED981AB3D94500F71F25 /* Project object */ = {
			isa = PBXProject;
			attributes = {
				LastUpgradeCheck = 0610;
				ORGANIZATIONNAME = GF;
				TargetAttributes = {
					7FF9ED9F1AB3D94500F71F25 = {
						CreatedOnToolsVersion = 6.1.1;
					};
					7FF9EDB81AB3D94500F71F25 = {
						CreatedOnToolsVersion = 6.1.1;
						TestTargetID = 7FF9ED9F1AB3D94500F71F25;
					};
				};
			};
			buildConfigurationList = 7FF9ED9B1AB3D94500F71F25 /* Build configuration list for PBXProject "SideSlipSubViewImplement" */;
			compatibilityVersion = "Xcode 3.2";
			developmentRegion = English;
			hasScannedForEncodings = 0;
			knownRegions = (
				en,
				Base,
			);
			mainGroup = 7FF9ED971AB3D94500F71F25;
			productRefGroup = 7FF9EDA11AB3D94500F71F25 /* Products */;
			projectDirPath = "";
			projectRoot = "";
			targets = (
				7FF9ED9F1AB3D94500F71F25 /* SideSlipSubViewImplement */,
				7FF9EDB81AB3D94500F71F25 /* SideSlipSubViewImplementTests */,
			);
		};
/* End PBXProject section */

/* Begin PBXResourcesBuildPhase section */
		7FF9ED9E1AB3D94500F71F25 /* Resources */ = {
			isa = PBXResourcesBuildPhase;
			buildActionMask = 2147483647;
			files = (
				7FF9EDCD1AB3E17800F71F25 /* LeftViewController.xib in Resources */,
				7FF9EDB41AB3D94500F71F25 /* LaunchScreen.xib in Resources */,
				7FF9EE221AB6D87300F71F25 /* HomeViewController.xib in Resources */,
				7FF9EDB11AB3D94500F71F25 /* Images.xcassets in Resources */,
				7FF9EE1D1AB6D84600F71F25 /* ContainerViewController.xib in Resources */,
			);
			runOnlyForDeploymentPostprocessing = 0;
		};
		7FF9EDB71AB3D94500F71F25 /* Resources */ = {
			isa = PBXResourcesBuildPhase;
			buildActionMask = 2147483647;
			files = (
			);
			runOnlyForDeploymentPostprocessing = 0;
		};
/* End PBXResourcesBuildPhase section */

/* Begin PBXSourcesBuildPhase section */
		7FF9ED9C1AB3D94500F71F25 /* Sources */ = {
			isa = PBXSourcesBuildPhase;
			buildActionMask = 2147483647;
			files = (
				7FF9EDCC1AB3E17800F71F25 /* LeftViewController.m in Sources */,
				7FF9EDA91AB3D94500F71F25 /* AppDelegate.m in Sources */,
				7FF9EDA61AB3D94500F71F25 /* main.m in Sources */,
				7FF9EE211AB6D87300F71F25 /* HomeViewController.m in Sources */,
				7FF9EE1C1AB6D84600F71F25 /* ContainerViewController.m in Sources */,
			);
			runOnlyForDeploymentPostprocessing = 0;
		};
		7FF9EDB51AB3D94500F71F25 /* Sources */ = {
			isa = PBXSourcesBuildPhase;
			buildActionMask = 2147483647;
			files = (
				7FF9EDC01AB3D94500F71F25 /* SideSlipSubViewImplementTests.m in Sources */,
			);
			runOnlyForDeploymentPostprocessing = 0;
		};
/* End PBXSourcesBuildPhase section */

/* Begin PBXTargetDependency section */
		7FF9EDBB1AB3D94500F71F25 /* PBXTargetDependency */ = {
			isa = PBXTargetDependency;
			target = 7FF9ED9F1AB3D94500F71F25 /* SideSlipSubViewImplement */;
			targetProxy = 7FF9EDBA1AB3D94500F71F25 /* PBXContainerItemProxy */;
		};
/* End PBXTargetDependency section */

/* Begin PBXVariantGroup section */
		7FF9EDB21AB3D94500F71F25 /* LaunchScreen.xib */ = {
			isa = PBXVariantGroup;
			children = (
				7FF9EDB31AB3D94500F71F25 /* Base */,
			);
			name = LaunchScreen.xib;
			sourceTree = "<group>";
		};
/* End PBXVariantGroup section */

/* Begin XCBuildConfiguration section */
		7FF9EDC11AB3D94500F71F25 /* Debug */ = {
			isa = XCBuildConfiguration;
			buildSettings = {
				ALWAYS_SEARCH_USER_PATHS = NO;
				CLANG_CXX_LANGUAGE_STANDARD = "gnu++0x";
				CLANG_CXX_LIBRARY = "libc++";
				CLANG_ENABLE_MODULES = YES;
				CLANG_ENABLE_OBJC_ARC = YES;
				CLANG_WARN_BOOL_CONVERSION = YES;
				CLANG_WARN_CONSTANT_CONVERSION = YES;
				CLANG_WARN_DIRECT_OBJC_ISA_USAGE = YES_ERROR;
				CLANG_WARN_EMPTY_BODY = YES;
				CLANG_WARN_ENUM_CONVERSION = YES;
				CLANG_WARN_INT_CONVERSION = YES;
				CLANG_WARN_OBJC_ROOT_CLASS = YES_ERROR;
				CLANG_WARN_UNREACHABLE_CODE = YES;
				CLANG_WARN__DUPLICATE_METHOD_MATCH = YES;
				"CODE_SIGN_IDENTITY[sdk=iphoneos*]" = "iPhone Developer";
				COPY_PHASE_STRIP = NO;
				ENABLE_STRICT_OBJC_MSGSEND = YES;
				GCC_C_LANGUAGE_STANDARD = gnu99;
				GCC_DYNAMIC_NO_PIC = NO;
				GCC_OPTIMIZATION_LEVEL = 0;
				GCC_PREPROCESSOR_DEFINITIONS = (
					"DEBUG=1",
					"$(inherited)",
				);
				GCC_SYMBOLS_PRIVATE_EXTERN = NO;
				GCC_WARN_64_TO_32_BIT_CONVERSION = YES;
				GCC_WARN_ABOUT_RETURN_TYPE = YES_ERROR;
				GCC_WARN_UNDECLARED_SELECTOR = YES;
				GCC_WARN_UNINITIALIZED_AUTOS = YES_AGGRESSIVE;
				GCC_WARN_UNUSED_FUNCTION = YES;
				GCC_WARN_UNUSED_VARIABLE = YES;
				IPHONEOS_DEPLOYMENT_TARGET = 8.1;
				MTL_ENABLE_DEBUG_INFO = YES;
				ONLY_ACTIVE_ARCH = YES;
				SDKROOT = iphoneos;
			};
			name = Debug;
		};
		7FF9EDC21AB3D94500F71F25 /* Release */ = {
			isa = XCBuildConfiguration;
			buildSettings = {
				ALWAYS_SEARCH_USER_PATHS = NO;
				CLANG_CXX_LANGUAGE_STANDARD = "gnu++0x";
				CLANG_CXX_LIBRARY = "libc++";
				CLANG_ENABLE_MODULES = YES;
				CLANG_ENABLE_OBJC_ARC = YES;
				CLANG_WARN_BOOL_CONVERSION = YES;
				CLANG_WARN_CONSTANT_CONVERSION = YES;
				CLANG_WARN_DIRECT_OBJC_ISA_USAGE = YES_ERROR;
				CLANG_WARN_EMPTY_BODY = YES;
				CLANG_WARN_ENUM_CONVERSION = YES;
				CLANG_WARN_INT_CONVERSION = YES;
				CLANG_WARN_OBJC_ROOT_CLASS = YES_ERROR;
				CLANG_WARN_UNREACHABLE_CODE = YES;
				CLANG_WARN__DUPLICATE_METHOD_MATCH = YES;
				"CODE_SIGN_IDENTITY[sdk=iphoneos*]" = "iPhone Developer";
				COPY_PHASE_STRIP = YES;
				ENABLE_NS_ASSERTIONS = NO;
				ENABLE_STRICT_OBJC_MSGSEND = YES;
				GCC_C_LANGUAGE_STANDARD = gnu99;
				GCC_WARN_64_TO_32_BIT_CONVERSION = YES;
				GCC_WARN_ABOUT_RETURN_TYPE = YES_ERROR;
				GCC_WARN_UNDECLARED_SELECTOR = YES;
				GCC_WARN_UNINITIALIZED_AUTOS = YES_AGGRESSIVE;
				GCC_WARN_UNUSED_FUNCTION = YES;
				GCC_WARN_UNUSED_VARIABLE = YES;
				IPHONEOS_DEPLOYMENT_TARGET = 8.1;
				MTL_ENABLE_DEBUG_INFO = NO;
				SDKROOT = iphoneos;
				VALIDATE_PRODUCT = YES;
			};
			name = Release;
		};
		7FF9EDC41AB3D94500F71F25 /* Debug */ = {
			isa = XCBuildConfiguration;
			buildSettings = {
				ASSETCATALOG_COMPILER_APPICON_NAME = AppIcon;
				INFOPLIST_FILE = SideSlipSubViewImplement/Info.plist;
				LD_RUNPATH_SEARCH_PATHS = "$(inherited) @executable_path/Frameworks";
				PRODUCT_NAME = "$(TARGET_NAME)";
			};
			name = Debug;
		};
		7FF9EDC51AB3D94500F71F25 /* Release */ = {
			isa = XCBuildConfiguration;
			buildSettings = {
				ASSETCATALOG_COMPILER_APPICON_NAME = AppIcon;
				INFOPLIST_FILE = SideSlipSubViewImplement/Info.plist;
				LD_RUNPATH_SEARCH_PATHS = "$(inherited) @executable_path/Frameworks";
				PRODUCT_NAME = "$(TARGET_NAME)";
			};
			name = Release;
		};
		7FF9EDC71AB3D94500F71F25 /* Debug */ = {
			isa = XCBuildConfiguration;
			buildSettings = {
				BUNDLE_LOADER = "$(TEST_HOST)";
				FRAMEWORK_SEARCH_PATHS = (
					"$(SDKROOT)/Developer/Library/Frameworks",
					"$(inherited)",
				);
				GCC_PREPROCESSOR_DEFINITIONS = (
					"DEBUG=1",
					"$(inherited)",
				);
				INFOPLIST_FILE = SideSlipSubViewImplementTests/Info.plist;
				LD_RUNPATH_SEARCH_PATHS = "$(inherited) @executable_path/Frameworks @loader_path/Frameworks";
				PRODUCT_NAME = "$(TARGET_NAME)";
				TEST_HOST = "$(BUILT_PRODUCTS_DIR)/SideSlipSubViewImplement.app/SideSlipSubViewImplement";
			};
			name = Debug;
		};
		7FF9EDC81AB3D94500F71F25 /* Release */ = {
			isa = XCBuildConfiguration;
			buildSettings = {
				BUNDLE_LOADER = "$(TEST_HOST)";
				FRAMEWORK_SEARCH_PATHS = (
					"$(SDKROOT)/Developer/Library/Frameworks",
					"$(inherited)",
				);
				INFOPLIST_FILE = SideSlipSubViewImplementTests/Info.plist;
				LD_RUNPATH_SEARCH_PATHS = "$(inherited) @executable_path/Frameworks @loader_path/Frameworks";
				PRODUCT_NAME = "$(TARGET_NAME)";
				TEST_HOST = "$(BUILT_PRODUCTS_DIR)/SideSlipSubViewImplement.app/SideSlipSubViewImplement";
			};
			name = Release;
		};
/* End XCBuildConfiguration section */

/* Begin XCConfigurationList section */
		7FF9ED9B1AB3D94500F71F25 /* Build configuration list for PBXProject "SideSlipSubViewImplement" */ = {
			isa = XCConfigurationList;
			buildConfigurations = (
				7FF9EDC11AB3D94500F71F25 /* Debug */,
				7FF9EDC21AB3D94500F71F25 /* Release */,
			);
			defaultConfigurationIsVisible = 0;
			defaultConfigurationName = Release;
		};
		7FF9EDC31AB3D94500F71F25 /* Build configuration list for PBXNativeTarget "SideSlipSubViewImplement" */ = {
			isa = XCConfigurationList;
			buildConfigurations = (
				7FF9EDC41AB3D94500F71F25 /* Debug */,
				7FF9EDC51AB3D94500F71F25 /* Release */,
			);
			defaultConfigurationIsVisible = 0;
			defaultConfigurationName = Release;
		};
		7FF9EDC61AB3D94500F71F25 /* Build configuration list for PBXNativeTarget "SideSlipSubViewImplementTests" */ = {
			isa = XCConfigurationList;
			buildConfigurations = (
				7FF9EDC71AB3D94500F71F25 /* Debug */,
				7FF9EDC81AB3D94500F71F25 /* Release */,
			);
			defaultConfigurationIsVisible = 0;
			defaultConfigurationName = Release;
		};
/* End XCConfigurationList section */
	};
	rootObject = 7FF9ED981AB3D94500F71F25 /* Project object */;
}
